
Microsoft Visual Studio Solution File, Format Version 12.00
# Visual Studio Version 17
VisualStudioVersion = 17.0.31903.59
MinimumVisualStudioVersion = 10.0.40219.1
Project("{2150E333-8FDC-42A3-9474-1A3956D46DE8}") = "src", "src", "{58B26F7A-CFF1-4FF9-861D-C86C4190D47E}"
EndProject
Project("{F2A71F9B-5D33-465A-A702-920D77279786}") = "QualIQon.IO", "src\QualIQon_Moduls\QualIQon.IO.fsproj", "{C79E5E29-1F62-48AE-B561-DB2353E42DA2}"
EndProject
Project("{F2A71F9B-5D33-465A-A702-920D77279786}") = "QualIQon.Plots", "src\QualIQon_Plots\QualIQon.Plots.fsproj", "{4BC021CC-315B-444A-B07D-E27231B2842D}"
EndProject
Project("{2150E333-8FDC-42A3-9474-1A3956D46DE8}") = "QualIQon_Tools", "QualIQon_Tools", "{DBAF4E95-C8C4-45EE-889B-3492AC4ED44E}"
EndProject
Project("{F2A71F9B-5D33-465A-A702-920D77279786}") = "Corr_Heavy", "src\QualIQon_Tools\CorrHeavy\Corr_Heavy.fsproj", "{9E5A4952-0876-470F-8537-C9082A0C122A}"
EndProject
Global
	GlobalSection(SolutionConfigurationPlatforms) = preSolution
		Debug|Any CPU = Debug|Any CPU
		Release|Any CPU = Release|Any CPU
	EndGlobalSection
	GlobalSection(SolutionProperties) = preSolution
		HideSolutionNode = FALSE
	EndGlobalSection
	GlobalSection(ProjectConfigurationPlatforms) = postSolution
		{C79E5E29-1F62-48AE-B561-DB2353E42DA2}.Debug|Any CPU.ActiveCfg = Debug|Any CPU
		{C79E5E29-1F62-48AE-B561-DB2353E42DA2}.Debug|Any CPU.Build.0 = Debug|Any CPU
		{C79E5E29-1F62-48AE-B561-DB2353E42DA2}.Release|Any CPU.ActiveCfg = Release|Any CPU
		{C79E5E29-1F62-48AE-B561-DB2353E42DA2}.Release|Any CPU.Build.0 = Release|Any CPU
		{4BC021CC-315B-444A-B07D-E27231B2842D}.Debug|Any CPU.ActiveCfg = Debug|Any CPU
		{4BC021CC-315B-444A-B07D-E27231B2842D}.Debug|Any CPU.Build.0 = Debug|Any CPU
		{4BC021CC-315B-444A-B07D-E27231B2842D}.Release|Any CPU.ActiveCfg = Release|Any CPU
		{4BC021CC-315B-444A-B07D-E27231B2842D}.Release|Any CPU.Build.0 = Release|Any CPU
		{9E5A4952-0876-470F-8537-C9082A0C122A}.Debug|Any CPU.ActiveCfg = Debug|Any CPU
		{9E5A4952-0876-470F-8537-C9082A0C122A}.Debug|Any CPU.Build.0 = Debug|Any CPU
		{9E5A4952-0876-470F-8537-C9082A0C122A}.Release|Any CPU.ActiveCfg = Release|Any CPU
		{9E5A4952-0876-470F-8537-C9082A0C122A}.Release|Any CPU.Build.0 = Release|Any CPU
	EndGlobalSection
	GlobalSection(NestedProjects) = preSolution
		{C79E5E29-1F62-48AE-B561-DB2353E42DA2} = {58B26F7A-CFF1-4FF9-861D-C86C4190D47E}
		{4BC021CC-315B-444A-B07D-E27231B2842D} = {58B26F7A-CFF1-4FF9-861D-C86C4190D47E}
		{DBAF4E95-C8C4-45EE-889B-3492AC4ED44E} = {58B26F7A-CFF1-4FF9-861D-C86C4190D47E}
		{9E5A4952-0876-470F-8537-C9082A0C122A} = {DBAF4E95-C8C4-45EE-889B-3492AC4ED44E}
	EndGlobalSection
EndGlobal
