
Microsoft Visual Studio Solution File, Format Version 12.00
# Visual Studio Version 17
VisualStudioVersion = 17.0.31903.59
MinimumVisualStudioVersion = 10.0.40219.1
Project("{2150E333-8FDC-42A3-9474-1A3956D46DE8}") = "src", "src", "{D8D8BBF3-005E-450E-9ECC-B2210102C921}"
EndProject
Project("{F2A71F9B-5D33-465A-A702-920D77279786}") = "Correlation_Light_Heavy", "src\Correlation_Light_Heavy\Correlation_Light_Heavy.fsproj", "{798824D2-1137-44FD-B692-83D31024B1F2}"
EndProject
Project("{F2A71F9B-5D33-465A-A702-920D77279786}") = "Corr_Heavy", "src\Corr_Heavy\Corr_Heavy.fsproj", "{61C2507D-150B-4EA6-9CAB-9A27F10F8A52}"
EndProject
Project("{F2A71F9B-5D33-465A-A702-920D77279786}") = "Corr_Light", "src\Corr_Light\Corr_Light.fsproj", "{D6A9B71C-A3D6-4E4B-BDE3-95DB81AE9CC6}"
EndProject
Project("{F2A71F9B-5D33-465A-A702-920D77279786}") = "Corr_Ratio", "src\Corr_Ratio\Corr_Ratio.fsproj", "{2AD90770-AB08-4835-B8E5-790FA74F00ED}"
EndProject
Project("{F2A71F9B-5D33-465A-A702-920D77279786}") = "Misscleavages", "src\Misscleavages\Misscleavages.fsproj", "{D8694869-7F3D-4E11-9B21-E6CD8975D660}"
EndProject
Project("{F2A71F9B-5D33-465A-A702-920D77279786}") = "MS1Map", "src\MS1Map\MS1Map.fsproj", "{45169052-D52E-4A97-BCD2-C035C7F59B8C}"
EndProject
Project("{F2A71F9B-5D33-465A-A702-920D77279786}") = "ProteinIdentification", "src\ProteinIdentification\ProteinIdentification.fsproj", "{326C3DBC-49CF-4A61-8D7C-B0CEAD80C062}"
EndProject
Project("{F2A71F9B-5D33-465A-A702-920D77279786}") = "QualIQon.IO", "src\QualIQon_Moduls\QualIQon.IO.fsproj", "{90126423-D045-4415-8561-B91416D3A888}"
EndProject
Project("{F2A71F9B-5D33-465A-A702-920D77279786}") = "QualIQon.Plots", "src\QualIQon_Plots\QualIQon.Plots.fsproj", "{977CB032-CD76-4821-BB25-7F3EB583C6B5}"
EndProject
Project("{F2A71F9B-5D33-465A-A702-920D77279786}") = "ScoreRefinement", "src\ScoreRefinement\ScoreRefinement.fsproj", "{7B50EFF7-3555-4871-B7CE-D0212DC4F787}"
EndProject
Project("{F2A71F9B-5D33-465A-A702-920D77279786}") = "TIC", "src\TIC\TIC.fsproj", "{09851D47-C376-4B4B-82AA-9E6B057696F9}"
EndProject
Project("{F2A71F9B-5D33-465A-A702-920D77279786}") = "XIC", "src\XIC\XIC.fsproj", "{A35E73FA-0678-4FF1-9142-7CE5AC337576}"
EndProject
Project("{F2A71F9B-5D33-465A-A702-920D77279786}") = "QualIQonTool", "src\QualIQon_Tool\QualIQonTool.fsproj", "{8FCE7095-5E2D-46F8-8DC9-3ECBF04DCF7D}"
EndProject
Global
	GlobalSection(SolutionConfigurationPlatforms) = preSolution
		Debug|Any CPU = Debug|Any CPU
		Release|Any CPU = Release|Any CPU
	EndGlobalSection
	GlobalSection(SolutionProperties) = preSolution
		HideSolutionNode = FALSE
	EndGlobalSection
	GlobalSection(ProjectConfigurationPlatforms) = postSolution
		{798824D2-1137-44FD-B692-83D31024B1F2}.Debug|Any CPU.ActiveCfg = Debug|Any CPU
		{798824D2-1137-44FD-B692-83D31024B1F2}.Debug|Any CPU.Build.0 = Debug|Any CPU
		{798824D2-1137-44FD-B692-83D31024B1F2}.Release|Any CPU.ActiveCfg = Release|Any CPU
		{798824D2-1137-44FD-B692-83D31024B1F2}.Release|Any CPU.Build.0 = Release|Any CPU
		{61C2507D-150B-4EA6-9CAB-9A27F10F8A52}.Debug|Any CPU.ActiveCfg = Debug|Any CPU
		{61C2507D-150B-4EA6-9CAB-9A27F10F8A52}.Debug|Any CPU.Build.0 = Debug|Any CPU
		{61C2507D-150B-4EA6-9CAB-9A27F10F8A52}.Release|Any CPU.ActiveCfg = Release|Any CPU
		{61C2507D-150B-4EA6-9CAB-9A27F10F8A52}.Release|Any CPU.Build.0 = Release|Any CPU
		{D6A9B71C-A3D6-4E4B-BDE3-95DB81AE9CC6}.Debug|Any CPU.ActiveCfg = Debug|Any CPU
		{D6A9B71C-A3D6-4E4B-BDE3-95DB81AE9CC6}.Debug|Any CPU.Build.0 = Debug|Any CPU
		{D6A9B71C-A3D6-4E4B-BDE3-95DB81AE9CC6}.Release|Any CPU.ActiveCfg = Release|Any CPU
		{D6A9B71C-A3D6-4E4B-BDE3-95DB81AE9CC6}.Release|Any CPU.Build.0 = Release|Any CPU
		{2AD90770-AB08-4835-B8E5-790FA74F00ED}.Debug|Any CPU.ActiveCfg = Debug|Any CPU
		{2AD90770-AB08-4835-B8E5-790FA74F00ED}.Debug|Any CPU.Build.0 = Debug|Any CPU
		{2AD90770-AB08-4835-B8E5-790FA74F00ED}.Release|Any CPU.ActiveCfg = Release|Any CPU
		{2AD90770-AB08-4835-B8E5-790FA74F00ED}.Release|Any CPU.Build.0 = Release|Any CPU
		{D8694869-7F3D-4E11-9B21-E6CD8975D660}.Debug|Any CPU.ActiveCfg = Debug|Any CPU
		{D8694869-7F3D-4E11-9B21-E6CD8975D660}.Debug|Any CPU.Build.0 = Debug|Any CPU
		{D8694869-7F3D-4E11-9B21-E6CD8975D660}.Release|Any CPU.ActiveCfg = Release|Any CPU
		{D8694869-7F3D-4E11-9B21-E6CD8975D660}.Release|Any CPU.Build.0 = Release|Any CPU
		{45169052-D52E-4A97-BCD2-C035C7F59B8C}.Debug|Any CPU.ActiveCfg = Debug|Any CPU
		{45169052-D52E-4A97-BCD2-C035C7F59B8C}.Debug|Any CPU.Build.0 = Debug|Any CPU
		{45169052-D52E-4A97-BCD2-C035C7F59B8C}.Release|Any CPU.ActiveCfg = Release|Any CPU
		{45169052-D52E-4A97-BCD2-C035C7F59B8C}.Release|Any CPU.Build.0 = Release|Any CPU
		{326C3DBC-49CF-4A61-8D7C-B0CEAD80C062}.Debug|Any CPU.ActiveCfg = Debug|Any CPU
		{326C3DBC-49CF-4A61-8D7C-B0CEAD80C062}.Debug|Any CPU.Build.0 = Debug|Any CPU
		{326C3DBC-49CF-4A61-8D7C-B0CEAD80C062}.Release|Any CPU.ActiveCfg = Release|Any CPU
		{326C3DBC-49CF-4A61-8D7C-B0CEAD80C062}.Release|Any CPU.Build.0 = Release|Any CPU
		{90126423-D045-4415-8561-B91416D3A888}.Debug|Any CPU.ActiveCfg = Debug|Any CPU
		{90126423-D045-4415-8561-B91416D3A888}.Debug|Any CPU.Build.0 = Debug|Any CPU
		{90126423-D045-4415-8561-B91416D3A888}.Release|Any CPU.ActiveCfg = Release|Any CPU
		{90126423-D045-4415-8561-B91416D3A888}.Release|Any CPU.Build.0 = Release|Any CPU
		{977CB032-CD76-4821-BB25-7F3EB583C6B5}.Debug|Any CPU.ActiveCfg = Debug|Any CPU
		{977CB032-CD76-4821-BB25-7F3EB583C6B5}.Debug|Any CPU.Build.0 = Debug|Any CPU
		{977CB032-CD76-4821-BB25-7F3EB583C6B5}.Release|Any CPU.ActiveCfg = Release|Any CPU
		{977CB032-CD76-4821-BB25-7F3EB583C6B5}.Release|Any CPU.Build.0 = Release|Any CPU
		{7B50EFF7-3555-4871-B7CE-D0212DC4F787}.Debug|Any CPU.ActiveCfg = Debug|Any CPU
		{7B50EFF7-3555-4871-B7CE-D0212DC4F787}.Debug|Any CPU.Build.0 = Debug|Any CPU
		{7B50EFF7-3555-4871-B7CE-D0212DC4F787}.Release|Any CPU.ActiveCfg = Release|Any CPU
		{7B50EFF7-3555-4871-B7CE-D0212DC4F787}.Release|Any CPU.Build.0 = Release|Any CPU
		{09851D47-C376-4B4B-82AA-9E6B057696F9}.Debug|Any CPU.ActiveCfg = Debug|Any CPU
		{09851D47-C376-4B4B-82AA-9E6B057696F9}.Debug|Any CPU.Build.0 = Debug|Any CPU
		{09851D47-C376-4B4B-82AA-9E6B057696F9}.Release|Any CPU.ActiveCfg = Release|Any CPU
		{09851D47-C376-4B4B-82AA-9E6B057696F9}.Release|Any CPU.Build.0 = Release|Any CPU
		{A35E73FA-0678-4FF1-9142-7CE5AC337576}.Debug|Any CPU.ActiveCfg = Debug|Any CPU
		{A35E73FA-0678-4FF1-9142-7CE5AC337576}.Debug|Any CPU.Build.0 = Debug|Any CPU
		{A35E73FA-0678-4FF1-9142-7CE5AC337576}.Release|Any CPU.ActiveCfg = Release|Any CPU
		{A35E73FA-0678-4FF1-9142-7CE5AC337576}.Release|Any CPU.Build.0 = Release|Any CPU
		{8FCE7095-5E2D-46F8-8DC9-3ECBF04DCF7D}.Debug|Any CPU.ActiveCfg = Debug|Any CPU
		{8FCE7095-5E2D-46F8-8DC9-3ECBF04DCF7D}.Debug|Any CPU.Build.0 = Debug|Any CPU
		{8FCE7095-5E2D-46F8-8DC9-3ECBF04DCF7D}.Release|Any CPU.ActiveCfg = Release|Any CPU
		{8FCE7095-5E2D-46F8-8DC9-3ECBF04DCF7D}.Release|Any CPU.Build.0 = Release|Any CPU
	EndGlobalSection
	GlobalSection(NestedProjects) = preSolution
		{798824D2-1137-44FD-B692-83D31024B1F2} = {D8D8BBF3-005E-450E-9ECC-B2210102C921}
		{61C2507D-150B-4EA6-9CAB-9A27F10F8A52} = {D8D8BBF3-005E-450E-9ECC-B2210102C921}
		{D6A9B71C-A3D6-4E4B-BDE3-95DB81AE9CC6} = {D8D8BBF3-005E-450E-9ECC-B2210102C921}
		{2AD90770-AB08-4835-B8E5-790FA74F00ED} = {D8D8BBF3-005E-450E-9ECC-B2210102C921}
		{D8694869-7F3D-4E11-9B21-E6CD8975D660} = {D8D8BBF3-005E-450E-9ECC-B2210102C921}
		{45169052-D52E-4A97-BCD2-C035C7F59B8C} = {D8D8BBF3-005E-450E-9ECC-B2210102C921}
		{326C3DBC-49CF-4A61-8D7C-B0CEAD80C062} = {D8D8BBF3-005E-450E-9ECC-B2210102C921}
		{90126423-D045-4415-8561-B91416D3A888} = {D8D8BBF3-005E-450E-9ECC-B2210102C921}
		{977CB032-CD76-4821-BB25-7F3EB583C6B5} = {D8D8BBF3-005E-450E-9ECC-B2210102C921}
		{7B50EFF7-3555-4871-B7CE-D0212DC4F787} = {D8D8BBF3-005E-450E-9ECC-B2210102C921}
		{09851D47-C376-4B4B-82AA-9E6B057696F9} = {D8D8BBF3-005E-450E-9ECC-B2210102C921}
		{A35E73FA-0678-4FF1-9142-7CE5AC337576} = {D8D8BBF3-005E-450E-9ECC-B2210102C921}
		{8FCE7095-5E2D-46F8-8DC9-3ECBF04DCF7D} = {D8D8BBF3-005E-450E-9ECC-B2210102C921}
	EndGlobalSection
EndGlobal
