
Microsoft Visual Studio Solution File, Format Version 12.00
# Visual Studio Version 17
VisualStudioVersion = 17.0.31903.59
MinimumVisualStudioVersion = 10.0.40219.1
Project("{2150E333-8FDC-42A3-9474-1A3956D46DE8}") = "src", "src", "{BF631EAE-5523-409D-ABD2-258D3CABDA7A}"
EndProject
Project("{F2A71F9B-5D33-465A-A702-920D77279786}") = "Correlation_Light_Heavy", "src\Correlation_Light_Heavy\Correlation_Light_Heavy.fsproj", "{9628973D-9D88-4383-A22F-B709823E8112}"
EndProject
Project("{F2A71F9B-5D33-465A-A702-920D77279786}") = "Corr_Heavy", "src\Corr_Heavy\Corr_Heavy.fsproj", "{C1B18E55-12B9-4F01-96BC-F806188EDB9E}"
EndProject
Project("{F2A71F9B-5D33-465A-A702-920D77279786}") = "Corr_Light", "src\Corr_Light\Corr_Light.fsproj", "{6BC1F286-2EA2-4179-82EC-B546B090BDAB}"
EndProject
Project("{F2A71F9B-5D33-465A-A702-920D77279786}") = "Corr_Ratio", "src\Corr_Ratio\Corr_Ratio.fsproj", "{B2332702-11E8-4283-8A2A-B2E14481C41B}"
EndProject
Project("{F2A71F9B-5D33-465A-A702-920D77279786}") = "Misscleavages", "src\Misscleavages\Misscleavages.fsproj", "{F2FF5FDD-78D2-48B0-9309-61A55BEB088C}"
EndProject
Project("{F2A71F9B-5D33-465A-A702-920D77279786}") = "MS1Map", "src\MS1Map\MS1Map.fsproj", "{68DE2C53-6BD4-42E3-BF5A-700A60C3F827}"
EndProject
Project("{F2A71F9B-5D33-465A-A702-920D77279786}") = "ProteinIdentification", "src\ProteinIdentification\ProteinIdentification.fsproj", "{781F8F7C-2454-4E32-9478-56254E325A3B}"
EndProject
Project("{F2A71F9B-5D33-465A-A702-920D77279786}") = "ScoreRefinement", "src\ScoreRefinement\ScoreRefinement.fsproj", "{5A794D51-25B5-4D84-8AEA-CC627FADA665}"
EndProject
Project("{F2A71F9B-5D33-465A-A702-920D77279786}") = "TIC", "src\TIC\TIC.fsproj", "{DDB75FAA-966C-4870-977C-8C9462FDFE13}"
EndProject
Project("{F2A71F9B-5D33-465A-A702-920D77279786}") = "XIC", "src\XIC\XIC.fsproj", "{25340EE3-E764-4D31-96DB-FF4E8648A992}"
EndProject
Project("{F2A71F9B-5D33-465A-A702-920D77279786}") = "QualIQon.Tests", "tests\QualIQon.Tests.fsproj", "{E0C790E4-94A0-4AE3-88E5-776C575D32BC}"
EndProject
Project("{F2A71F9B-5D33-465A-A702-920D77279786}") = "QualIQon.IO", "src\QualIQon_IO\QualIQon.IO.fsproj", "{0F2BEBF6-692F-4C68-9C36-C5C814641569}"
EndProject
Project("{F2A71F9B-5D33-465A-A702-920D77279786}") = "QualIQon.Plots", "src\QualIQon_Plots\QualIQon.Plots.fsproj", "{F831C27E-0E50-451A-A213-097A9A925679}"
EndProject
Global
	GlobalSection(SolutionConfigurationPlatforms) = preSolution
		Debug|Any CPU = Debug|Any CPU
		Release|Any CPU = Release|Any CPU
	EndGlobalSection
	GlobalSection(SolutionProperties) = preSolution
		HideSolutionNode = FALSE
	EndGlobalSection
	GlobalSection(ProjectConfigurationPlatforms) = postSolution
		{9628973D-9D88-4383-A22F-B709823E8112}.Debug|Any CPU.ActiveCfg = Debug|Any CPU
		{9628973D-9D88-4383-A22F-B709823E8112}.Debug|Any CPU.Build.0 = Debug|Any CPU
		{9628973D-9D88-4383-A22F-B709823E8112}.Release|Any CPU.ActiveCfg = Release|Any CPU
		{9628973D-9D88-4383-A22F-B709823E8112}.Release|Any CPU.Build.0 = Release|Any CPU
		{C1B18E55-12B9-4F01-96BC-F806188EDB9E}.Debug|Any CPU.ActiveCfg = Debug|Any CPU
		{C1B18E55-12B9-4F01-96BC-F806188EDB9E}.Debug|Any CPU.Build.0 = Debug|Any CPU
		{C1B18E55-12B9-4F01-96BC-F806188EDB9E}.Release|Any CPU.ActiveCfg = Release|Any CPU
		{C1B18E55-12B9-4F01-96BC-F806188EDB9E}.Release|Any CPU.Build.0 = Release|Any CPU
		{6BC1F286-2EA2-4179-82EC-B546B090BDAB}.Debug|Any CPU.ActiveCfg = Debug|Any CPU
		{6BC1F286-2EA2-4179-82EC-B546B090BDAB}.Debug|Any CPU.Build.0 = Debug|Any CPU
		{6BC1F286-2EA2-4179-82EC-B546B090BDAB}.Release|Any CPU.ActiveCfg = Release|Any CPU
		{6BC1F286-2EA2-4179-82EC-B546B090BDAB}.Release|Any CPU.Build.0 = Release|Any CPU
		{B2332702-11E8-4283-8A2A-B2E14481C41B}.Debug|Any CPU.ActiveCfg = Debug|Any CPU
		{B2332702-11E8-4283-8A2A-B2E14481C41B}.Debug|Any CPU.Build.0 = Debug|Any CPU
		{B2332702-11E8-4283-8A2A-B2E14481C41B}.Release|Any CPU.ActiveCfg = Release|Any CPU
		{B2332702-11E8-4283-8A2A-B2E14481C41B}.Release|Any CPU.Build.0 = Release|Any CPU
		{F2FF5FDD-78D2-48B0-9309-61A55BEB088C}.Debug|Any CPU.ActiveCfg = Debug|Any CPU
		{F2FF5FDD-78D2-48B0-9309-61A55BEB088C}.Debug|Any CPU.Build.0 = Debug|Any CPU
		{F2FF5FDD-78D2-48B0-9309-61A55BEB088C}.Release|Any CPU.ActiveCfg = Release|Any CPU
		{F2FF5FDD-78D2-48B0-9309-61A55BEB088C}.Release|Any CPU.Build.0 = Release|Any CPU
		{68DE2C53-6BD4-42E3-BF5A-700A60C3F827}.Debug|Any CPU.ActiveCfg = Debug|Any CPU
		{68DE2C53-6BD4-42E3-BF5A-700A60C3F827}.Debug|Any CPU.Build.0 = Debug|Any CPU
		{68DE2C53-6BD4-42E3-BF5A-700A60C3F827}.Release|Any CPU.ActiveCfg = Release|Any CPU
		{68DE2C53-6BD4-42E3-BF5A-700A60C3F827}.Release|Any CPU.Build.0 = Release|Any CPU
		{781F8F7C-2454-4E32-9478-56254E325A3B}.Debug|Any CPU.ActiveCfg = Debug|Any CPU
		{781F8F7C-2454-4E32-9478-56254E325A3B}.Debug|Any CPU.Build.0 = Debug|Any CPU
		{781F8F7C-2454-4E32-9478-56254E325A3B}.Release|Any CPU.ActiveCfg = Release|Any CPU
		{781F8F7C-2454-4E32-9478-56254E325A3B}.Release|Any CPU.Build.0 = Release|Any CPU
		{5A794D51-25B5-4D84-8AEA-CC627FADA665}.Debug|Any CPU.ActiveCfg = Debug|Any CPU
		{5A794D51-25B5-4D84-8AEA-CC627FADA665}.Debug|Any CPU.Build.0 = Debug|Any CPU
		{5A794D51-25B5-4D84-8AEA-CC627FADA665}.Release|Any CPU.ActiveCfg = Release|Any CPU
		{5A794D51-25B5-4D84-8AEA-CC627FADA665}.Release|Any CPU.Build.0 = Release|Any CPU
		{DDB75FAA-966C-4870-977C-8C9462FDFE13}.Debug|Any CPU.ActiveCfg = Debug|Any CPU
		{DDB75FAA-966C-4870-977C-8C9462FDFE13}.Debug|Any CPU.Build.0 = Debug|Any CPU
		{DDB75FAA-966C-4870-977C-8C9462FDFE13}.Release|Any CPU.ActiveCfg = Release|Any CPU
		{DDB75FAA-966C-4870-977C-8C9462FDFE13}.Release|Any CPU.Build.0 = Release|Any CPU
		{25340EE3-E764-4D31-96DB-FF4E8648A992}.Debug|Any CPU.ActiveCfg = Debug|Any CPU
		{25340EE3-E764-4D31-96DB-FF4E8648A992}.Debug|Any CPU.Build.0 = Debug|Any CPU
		{25340EE3-E764-4D31-96DB-FF4E8648A992}.Release|Any CPU.ActiveCfg = Release|Any CPU
		{25340EE3-E764-4D31-96DB-FF4E8648A992}.Release|Any CPU.Build.0 = Release|Any CPU
		{E0C790E4-94A0-4AE3-88E5-776C575D32BC}.Debug|Any CPU.ActiveCfg = Debug|Any CPU
		{E0C790E4-94A0-4AE3-88E5-776C575D32BC}.Debug|Any CPU.Build.0 = Debug|Any CPU
		{E0C790E4-94A0-4AE3-88E5-776C575D32BC}.Release|Any CPU.ActiveCfg = Release|Any CPU
		{E0C790E4-94A0-4AE3-88E5-776C575D32BC}.Release|Any CPU.Build.0 = Release|Any CPU
		{0F2BEBF6-692F-4C68-9C36-C5C814641569}.Debug|Any CPU.ActiveCfg = Debug|Any CPU
		{0F2BEBF6-692F-4C68-9C36-C5C814641569}.Debug|Any CPU.Build.0 = Debug|Any CPU
		{0F2BEBF6-692F-4C68-9C36-C5C814641569}.Release|Any CPU.ActiveCfg = Release|Any CPU
		{0F2BEBF6-692F-4C68-9C36-C5C814641569}.Release|Any CPU.Build.0 = Release|Any CPU
		{F831C27E-0E50-451A-A213-097A9A925679}.Debug|Any CPU.ActiveCfg = Debug|Any CPU
		{F831C27E-0E50-451A-A213-097A9A925679}.Debug|Any CPU.Build.0 = Debug|Any CPU
		{F831C27E-0E50-451A-A213-097A9A925679}.Release|Any CPU.ActiveCfg = Release|Any CPU
		{F831C27E-0E50-451A-A213-097A9A925679}.Release|Any CPU.Build.0 = Release|Any CPU
	EndGlobalSection
	GlobalSection(NestedProjects) = preSolution
		{9628973D-9D88-4383-A22F-B709823E8112} = {BF631EAE-5523-409D-ABD2-258D3CABDA7A}
		{C1B18E55-12B9-4F01-96BC-F806188EDB9E} = {BF631EAE-5523-409D-ABD2-258D3CABDA7A}
		{6BC1F286-2EA2-4179-82EC-B546B090BDAB} = {BF631EAE-5523-409D-ABD2-258D3CABDA7A}
		{B2332702-11E8-4283-8A2A-B2E14481C41B} = {BF631EAE-5523-409D-ABD2-258D3CABDA7A}
		{F2FF5FDD-78D2-48B0-9309-61A55BEB088C} = {BF631EAE-5523-409D-ABD2-258D3CABDA7A}
		{68DE2C53-6BD4-42E3-BF5A-700A60C3F827} = {BF631EAE-5523-409D-ABD2-258D3CABDA7A}
		{781F8F7C-2454-4E32-9478-56254E325A3B} = {BF631EAE-5523-409D-ABD2-258D3CABDA7A}
		{5A794D51-25B5-4D84-8AEA-CC627FADA665} = {BF631EAE-5523-409D-ABD2-258D3CABDA7A}
		{DDB75FAA-966C-4870-977C-8C9462FDFE13} = {BF631EAE-5523-409D-ABD2-258D3CABDA7A}
		{25340EE3-E764-4D31-96DB-FF4E8648A992} = {BF631EAE-5523-409D-ABD2-258D3CABDA7A}
		{0F2BEBF6-692F-4C68-9C36-C5C814641569} = {BF631EAE-5523-409D-ABD2-258D3CABDA7A}
		{F831C27E-0E50-451A-A213-097A9A925679} = {BF631EAE-5523-409D-ABD2-258D3CABDA7A}
	EndGlobalSection
EndGlobal
